// !$*UTF8*$!
{
	archiveVersion = 1;
	classes = {
	};
	objectVersion = 56;
	objects = {

/* Begin PBXBuildFile section */
		5766190E2A1B47BE00D09EF4 /* reconlabsSampleApp.swift in Sources */ = {isa = PBXBuildFile; fileRef = 5766190D2A1B47BE00D09EF4 /* reconlabsSampleApp.swift */; };
		576619102A1B47BE00D09EF4 /* ContentView.swift in Sources */ = {isa = PBXBuildFile; fileRef = 5766190F2A1B47BE00D09EF4 /* ContentView.swift */; };
		576619122A1B47C000D09EF4 /* Assets.xcassets in Resources */ = {isa = PBXBuildFile; fileRef = 576619112A1B47C000D09EF4 /* Assets.xcassets */; };
		576619152A1B47C000D09EF4 /* Preview Assets.xcassets in Resources */ = {isa = PBXBuildFile; fileRef = 576619142A1B47C000D09EF4 /* Preview Assets.xcassets */; };
		576619222A1DDBBC00D09EF4 /* Extension+UIScreen.swift in Sources */ = {isa = PBXBuildFile; fileRef = 576619212A1DDBBC00D09EF4 /* Extension+UIScreen.swift */; };
		576619322A206CD000D09EF4 /* Extension+EnvironmentValues.swift in Sources */ = {isa = PBXBuildFile; fileRef = 576619312A206CD000D09EF4 /* Extension+EnvironmentValues.swift */; };
		576619342A20725400D09EF4 /* MyARView.swift in Sources */ = {isa = PBXBuildFile; fileRef = 576619332A20725400D09EF4 /* MyARView.swift */; };
		576619362A20802C00D09EF4 /* ARBoxAnchor.swift in Sources */ = {isa = PBXBuildFile; fileRef = 576619352A20802C00D09EF4 /* ARBoxAnchor.swift */; };
		5766193D2A21C43D00D09EF4 /* ARVC.swift in Sources */ = {isa = PBXBuildFile; fileRef = 5766193B2A21C43D00D09EF4 /* ARVC.swift */; };
		5766193E2A21C43D00D09EF4 /* ARVC.xib in Resources */ = {isa = PBXBuildFile; fileRef = 5766193C2A21C43D00D09EF4 /* ARVC.xib */; };
		576619402A21C66C00D09EF4 /* RealityKitVC.swift in Sources */ = {isa = PBXBuildFile; fileRef = 5766193F2A21C66C00D09EF4 /* RealityKitVC.swift */; };
		576619692A244CF000D09EF4 /* CoreDataModel.xcdatamodeld in Sources */ = {isa = PBXBuildFile; fileRef = 576619662A244CF000D09EF4 /* CoreDataModel.xcdatamodeld */; };
		5766196B2A244D2F00D09EF4 /* PersistenceController.swift in Sources */ = {isa = PBXBuildFile; fileRef = 5766196A2A244D2F00D09EF4 /* PersistenceController.swift */; };
		5766196D2A24511F00D09EF4 /* ImageData.swift in Sources */ = {isa = PBXBuildFile; fileRef = 5766196C2A24511F00D09EF4 /* ImageData.swift */; };
		5766196F2A24530500D09EF4 /* CoreDataManager.swift in Sources */ = {isa = PBXBuildFile; fileRef = 5766196E2A24530500D09EF4 /* CoreDataManager.swift */; };
		576619712A24555A00D09EF4 /* ImageDataModel.swift in Sources */ = {isa = PBXBuildFile; fileRef = 576619702A24555A00D09EF4 /* ImageDataModel.swift */; };
/* End PBXBuildFile section */

/* Begin PBXFileReference section */
		5766190A2A1B47BE00D09EF4 /* reconlabsSample.app */ = {isa = PBXFileReference; explicitFileType = wrapper.application; includeInIndex = 0; path = reconlabsSample.app; sourceTree = BUILT_PRODUCTS_DIR; };
		5766190D2A1B47BE00D09EF4 /* reconlabsSampleApp.swift */ = {isa = PBXFileReference; lastKnownFileType = sourcecode.swift; path = reconlabsSampleApp.swift; sourceTree = "<group>"; };
		5766190F2A1B47BE00D09EF4 /* ContentView.swift */ = {isa = PBXFileReference; lastKnownFileType = sourcecode.swift; path = ContentView.swift; sourceTree = "<group>"; };
		576619112A1B47C000D09EF4 /* Assets.xcassets */ = {isa = PBXFileReference; lastKnownFileType = folder.assetcatalog; path = Assets.xcassets; sourceTree = "<group>"; };
		576619142A1B47C000D09EF4 /* Preview Assets.xcassets */ = {isa = PBXFileReference; lastKnownFileType = folder.assetcatalog; path = "Preview Assets.xcassets"; sourceTree = "<group>"; };
		576619212A1DDBBC00D09EF4 /* Extension+UIScreen.swift */ = {isa = PBXFileReference; lastKnownFileType = sourcecode.swift; path = "Extension+UIScreen.swift"; sourceTree = "<group>"; };
		576619312A206CD000D09EF4 /* Extension+EnvironmentValues.swift */ = {isa = PBXFileReference; lastKnownFileType = sourcecode.swift; path = "Extension+EnvironmentValues.swift"; sourceTree = "<group>"; };
		576619332A20725400D09EF4 /* MyARView.swift */ = {isa = PBXFileReference; lastKnownFileType = sourcecode.swift; path = MyARView.swift; sourceTree = "<group>"; };
		576619352A20802C00D09EF4 /* ARBoxAnchor.swift */ = {isa = PBXFileReference; lastKnownFileType = sourcecode.swift; path = ARBoxAnchor.swift; sourceTree = "<group>"; };
		5766193B2A21C43D00D09EF4 /* ARVC.swift */ = {isa = PBXFileReference; lastKnownFileType = sourcecode.swift; path = ARVC.swift; sourceTree = "<group>"; };
		5766193C2A21C43D00D09EF4 /* ARVC.xib */ = {isa = PBXFileReference; lastKnownFileType = file.xib; path = ARVC.xib; sourceTree = "<group>"; };
		5766193F2A21C66C00D09EF4 /* RealityKitVC.swift */ = {isa = PBXFileReference; lastKnownFileType = sourcecode.swift; path = RealityKitVC.swift; sourceTree = "<group>"; };
		576619672A244CF000D09EF4 /* CoreDataModel.xcdatamodel */ = {isa = PBXFileReference; lastKnownFileType = wrapper.xcdatamodel; path = CoreDataModel.xcdatamodel; sourceTree = "<group>"; };
		576619682A244CF000D09EF4 /* reconlabsSample.xcdatamodel */ = {isa = PBXFileReference; lastKnownFileType = wrapper.xcdatamodel; path = reconlabsSample.xcdatamodel; sourceTree = "<group>"; };
		5766196A2A244D2F00D09EF4 /* PersistenceController.swift */ = {isa = PBXFileReference; lastKnownFileType = sourcecode.swift; path = PersistenceController.swift; sourceTree = "<group>"; };
		5766196C2A24511F00D09EF4 /* ImageData.swift */ = {isa = PBXFileReference; lastKnownFileType = sourcecode.swift; path = ImageData.swift; sourceTree = "<group>"; };
		5766196E2A24530500D09EF4 /* CoreDataManager.swift */ = {isa = PBXFileReference; lastKnownFileType = sourcecode.swift; path = CoreDataManager.swift; sourceTree = "<group>"; };
		576619702A24555A00D09EF4 /* ImageDataModel.swift */ = {isa = PBXFileReference; lastKnownFileType = sourcecode.swift; path = ImageDataModel.swift; sourceTree = "<group>"; };
/* End PBXFileReference section */

/* Begin PBXFrameworksBuildPhase section */
		576619072A1B47BE00D09EF4 /* Frameworks */ = {
			isa = PBXFrameworksBuildPhase;
			buildActionMask = 2147483647;
			files = (
			);
			runOnlyForDeploymentPostprocessing = 0;
		};
/* End PBXFrameworksBuildPhase section */

/* Begin PBXGroup section */
		576619012A1B47BE00D09EF4 = {
			isa = PBXGroup;
			children = (
				5766190C2A1B47BE00D09EF4 /* reconlabsSample */,
				5766190B2A1B47BE00D09EF4 /* Products */,
			);
			sourceTree = "<group>";
		};
		5766190B2A1B47BE00D09EF4 /* Products */ = {
			isa = PBXGroup;
			children = (
				5766190A2A1B47BE00D09EF4 /* reconlabsSample.app */,
			);
			name = Products;
			sourceTree = "<group>";
		};
		5766190C2A1B47BE00D09EF4 /* reconlabsSample */ = {
			isa = PBXGroup;
			children = (
				576619542A22172800D09EF4 /* CoreData */,
				576619232A1DDFE800D09EF4 /* View */,
				576619202A1DDB9100D09EF4 /* Extension */,
				5766190D2A1B47BE00D09EF4 /* reconlabsSampleApp.swift */,
				576619112A1B47C000D09EF4 /* Assets.xcassets */,
				576619132A1B47C000D09EF4 /* Preview Content */,
				5766193F2A21C66C00D09EF4 /* RealityKitVC.swift */,
				576619662A244CF000D09EF4 /* CoreDataModel.xcdatamodeld */,
			);
			path = reconlabsSample;
			sourceTree = "<group>";
		};
		576619132A1B47C000D09EF4 /* Preview Content */ = {
			isa = PBXGroup;
			children = (
				576619142A1B47C000D09EF4 /* Preview Assets.xcassets */,
			);
			path = "Preview Content";
			sourceTree = "<group>";
		};
		576619202A1DDB9100D09EF4 /* Extension */ = {
			isa = PBXGroup;
			children = (
				576619212A1DDBBC00D09EF4 /* Extension+UIScreen.swift */,
				576619312A206CD000D09EF4 /* Extension+EnvironmentValues.swift */,
			);
			path = Extension;
			sourceTree = "<group>";
		};
		576619232A1DDFE800D09EF4 /* View */ = {
			isa = PBXGroup;
			children = (
				5766190F2A1B47BE00D09EF4 /* ContentView.swift */,
				576619332A20725400D09EF4 /* MyARView.swift */,
				576619352A20802C00D09EF4 /* ARBoxAnchor.swift */,
				5766193B2A21C43D00D09EF4 /* ARVC.swift */,
				5766193C2A21C43D00D09EF4 /* ARVC.xib */,
			);
			path = View;
			sourceTree = "<group>";
		};
		576619542A22172800D09EF4 /* CoreData */ = {
			isa = PBXGroup;
			children = (
				5766196A2A244D2F00D09EF4 /* PersistenceController.swift */,
				5766196C2A24511F00D09EF4 /* ImageData.swift */,
				5766196E2A24530500D09EF4 /* CoreDataManager.swift */,
				576619702A24555A00D09EF4 /* ImageDataModel.swift */,
			);
			path = CoreData;
			sourceTree = "<group>";
		};
/* End PBXGroup section */

/* Begin PBXNativeTarget section */
		576619092A1B47BE00D09EF4 /* reconlabsSample */ = {
			isa = PBXNativeTarget;
			buildConfigurationList = 5766191D2A1B47C000D09EF4 /* Build configuration list for PBXNativeTarget "reconlabsSample" */;
			buildPhases = (
				576619062A1B47BE00D09EF4 /* Sources */,
				576619072A1B47BE00D09EF4 /* Frameworks */,
				576619082A1B47BE00D09EF4 /* Resources */,
			);
			buildRules = (
			);
			dependencies = (
			);
			name = reconlabsSample;
			packageProductDependencies = (
			);
			productName = reconlabsSample;
			productReference = 5766190A2A1B47BE00D09EF4 /* reconlabsSample.app */;
			productType = "com.apple.product-type.application";
		};
/* End PBXNativeTarget section */

/* Begin PBXProject section */
		576619022A1B47BE00D09EF4 /* Project object */ = {
			isa = PBXProject;
			attributes = {
				BuildIndependentTargetsInParallel = 1;
				LastSwiftUpdateCheck = 1430;
				LastUpgradeCheck = 1430;
				TargetAttributes = {
					576619092A1B47BE00D09EF4 = {
						CreatedOnToolsVersion = 14.3;
					};
				};
			};
			buildConfigurationList = 576619052A1B47BE00D09EF4 /* Build configuration list for PBXProject "reconlabsSample" */;
			compatibilityVersion = "Xcode 14.0";
			developmentRegion = en;
			hasScannedForEncodings = 0;
			knownRegions = (
				en,
				Base,
			);
			mainGroup = 576619012A1B47BE00D09EF4;
			packageReferences = (
			);
			productRefGroup = 5766190B2A1B47BE00D09EF4 /* Products */;
			projectDirPath = "";
			projectRoot = "";
			targets = (
				576619092A1B47BE00D09EF4 /* reconlabsSample */,
			);
		};
/* End PBXProject section */

/* Begin PBXResourcesBuildPhase section */
		576619082A1B47BE00D09EF4 /* Resources */ = {
			isa = PBXResourcesBuildPhase;
			buildActionMask = 2147483647;
			files = (
				576619152A1B47C000D09EF4 /* Preview Assets.xcassets in Resources */,
				5766193E2A21C43D00D09EF4 /* ARVC.xib in Resources */,
				576619122A1B47C000D09EF4 /* Assets.xcassets in Resources */,
			);
			runOnlyForDeploymentPostprocessing = 0;
		};
/* End PBXResourcesBuildPhase section */

/* Begin PBXSourcesBuildPhase section */
		576619062A1B47BE00D09EF4 /* Sources */ = {
			isa = PBXSourcesBuildPhase;
			buildActionMask = 2147483647;
			files = (
				576619322A206CD000D09EF4 /* Extension+EnvironmentValues.swift in Sources */,
				576619222A1DDBBC00D09EF4 /* Extension+UIScreen.swift in Sources */,
				576619102A1B47BE00D09EF4 /* ContentView.swift in Sources */,
				5766190E2A1B47BE00D09EF4 /* reconlabsSampleApp.swift in Sources */,
				5766193D2A21C43D00D09EF4 /* ARVC.swift in Sources */,
				576619692A244CF000D09EF4 /* CoreDataModel.xcdatamodeld in Sources */,
				5766196F2A24530500D09EF4 /* CoreDataManager.swift in Sources */,
				5766196D2A24511F00D09EF4 /* ImageData.swift in Sources */,
				576619342A20725400D09EF4 /* MyARView.swift in Sources */,
				576619712A24555A00D09EF4 /* ImageDataModel.swift in Sources */,
				576619402A21C66C00D09EF4 /* RealityKitVC.swift in Sources */,
				576619362A20802C00D09EF4 /* ARBoxAnchor.swift in Sources */,
				5766196B2A244D2F00D09EF4 /* PersistenceController.swift in Sources */,
			);
			runOnlyForDeploymentPostprocessing = 0;
		};
/* End PBXSourcesBuildPhase section */

/* Begin XCBuildConfiguration section */
		5766191B2A1B47C000D09EF4 /* Debug */ = {
			isa = XCBuildConfiguration;
			buildSettings = {
				ALWAYS_SEARCH_USER_PATHS = NO;
				CLANG_ANALYZER_NONNULL = YES;
				CLANG_ANALYZER_NUMBER_OBJECT_CONVERSION = YES_AGGRESSIVE;
				CLANG_CXX_LANGUAGE_STANDARD = "gnu++20";
				CLANG_ENABLE_MODULES = YES;
				CLANG_ENABLE_OBJC_ARC = YES;
				CLANG_ENABLE_OBJC_WEAK = YES;
				CLANG_WARN_BLOCK_CAPTURE_AUTORELEASING = YES;
				CLANG_WARN_BOOL_CONVERSION = YES;
				CLANG_WARN_COMMA = YES;
				CLANG_WARN_CONSTANT_CONVERSION = YES;
				CLANG_WARN_DEPRECATED_OBJC_IMPLEMENTATIONS = YES;
				CLANG_WARN_DIRECT_OBJC_ISA_USAGE = YES_ERROR;
				CLANG_WARN_DOCUMENTATION_COMMENTS = YES;
				CLANG_WARN_EMPTY_BODY = YES;
				CLANG_WARN_ENUM_CONVERSION = YES;
				CLANG_WARN_INFINITE_RECURSION = YES;
				CLANG_WARN_INT_CONVERSION = YES;
				CLANG_WARN_NON_LITERAL_NULL_CONVERSION = YES;
				CLANG_WARN_OBJC_IMPLICIT_RETAIN_SELF = YES;
				CLANG_WARN_OBJC_LITERAL_CONVERSION = YES;
				CLANG_WARN_OBJC_ROOT_CLASS = YES_ERROR;
				CLANG_WARN_QUOTED_INCLUDE_IN_FRAMEWORK_HEADER = YES;
				CLANG_WARN_RANGE_LOOP_ANALYSIS = YES;
				CLANG_WARN_STRICT_PROTOTYPES = YES;
				CLANG_WARN_SUSPICIOUS_MOVE = YES;
				CLANG_WARN_UNGUARDED_AVAILABILITY = YES_AGGRESSIVE;
				CLANG_WARN_UNREACHABLE_CODE = YES;
				CLANG_WARN__DUPLICATE_METHOD_MATCH = YES;
				COPY_PHASE_STRIP = NO;
				DEBUG_INFORMATION_FORMAT = dwarf;
				ENABLE_STRICT_OBJC_MSGSEND = YES;
				ENABLE_TESTABILITY = YES;
				GCC_C_LANGUAGE_STANDARD = gnu11;
				GCC_DYNAMIC_NO_PIC = NO;
				GCC_NO_COMMON_BLOCKS = YES;
				GCC_OPTIMIZATION_LEVEL = 0;
				GCC_PREPROCESSOR_DEFINITIONS = (
					"DEBUG=1",
					"$(inherited)",
				);
				GCC_WARN_64_TO_32_BIT_CONVERSION = YES;
				GCC_WARN_ABOUT_RETURN_TYPE = YES_ERROR;
				GCC_WARN_UNDECLARED_SELECTOR = YES;
				GCC_WARN_UNINITIALIZED_AUTOS = YES_AGGRESSIVE;
				GCC_WARN_UNUSED_FUNCTION = YES;
				GCC_WARN_UNUSED_VARIABLE = YES;
				IPHONEOS_DEPLOYMENT_TARGET = 14.0;
				MTL_ENABLE_DEBUG_INFO = INCLUDE_SOURCE;
				MTL_FAST_MATH = YES;
				ONLY_ACTIVE_ARCH = YES;
				SDKROOT = iphoneos;
				SWIFT_ACTIVE_COMPILATION_CONDITIONS = DEBUG;
				SWIFT_OPTIMIZATION_LEVEL = "-Onone";
			};
			name = Debug;
		};
		5766191C2A1B47C000D09EF4 /* Release */ = {
			isa = XCBuildConfiguration;
			buildSettings = {
				ALWAYS_SEARCH_USER_PATHS = NO;
				CLANG_ANALYZER_NONNULL = YES;
				CLANG_ANALYZER_NUMBER_OBJECT_CONVERSION = YES_AGGRESSIVE;
				CLANG_CXX_LANGUAGE_STANDARD = "gnu++20";
				CLANG_ENABLE_MODULES = YES;
				CLANG_ENABLE_OBJC_ARC = YES;
				CLANG_ENABLE_OBJC_WEAK = YES;
				CLANG_WARN_BLOCK_CAPTURE_AUTORELEASING = YES;
				CLANG_WARN_BOOL_CONVERSION = YES;
				CLANG_WARN_COMMA = YES;
				CLANG_WARN_CONSTANT_CONVERSION = YES;
				CLANG_WARN_DEPRECATED_OBJC_IMPLEMENTATIONS = YES;
				CLANG_WARN_DIRECT_OBJC_ISA_USAGE = YES_ERROR;
				CLANG_WARN_DOCUMENTATION_COMMENTS = YES;
				CLANG_WARN_EMPTY_BODY = YES;
				CLANG_WARN_ENUM_CONVERSION = YES;
				CLANG_WARN_INFINITE_RECURSION = YES;
				CLANG_WARN_INT_CONVERSION = YES;
				CLANG_WARN_NON_LITERAL_NULL_CONVERSION = YES;
				CLANG_WARN_OBJC_IMPLICIT_RETAIN_SELF = YES;
				CLANG_WARN_OBJC_LITERAL_CONVERSION = YES;
				CLANG_WARN_OBJC_ROOT_CLASS = YES_ERROR;
				CLANG_WARN_QUOTED_INCLUDE_IN_FRAMEWORK_HEADER = YES;
				CLANG_WARN_RANGE_LOOP_ANALYSIS = YES;
				CLANG_WARN_STRICT_PROTOTYPES = YES;
				CLANG_WARN_SUSPICIOUS_MOVE = YES;
				CLANG_WARN_UNGUARDED_AVAILABILITY = YES_AGGRESSIVE;
				CLANG_WARN_UNREACHABLE_CODE = YES;
				CLANG_WARN__DUPLICATE_METHOD_MATCH = YES;
				COPY_PHASE_STRIP = NO;
				DEBUG_INFORMATION_FORMAT = "dwarf-with-dsym";
				ENABLE_NS_ASSERTIONS = NO;
				ENABLE_STRICT_OBJC_MSGSEND = YES;
				GCC_C_LANGUAGE_STANDARD = gnu11;
				GCC_NO_COMMON_BLOCKS = YES;
				GCC_WARN_64_TO_32_BIT_CONVERSION = YES;
				GCC_WARN_ABOUT_RETURN_TYPE = YES_ERROR;
				GCC_WARN_UNDECLARED_SELECTOR = YES;
				GCC_WARN_UNINITIALIZED_AUTOS = YES_AGGRESSIVE;
				GCC_WARN_UNUSED_FUNCTION = YES;
				GCC_WARN_UNUSED_VARIABLE = YES;
				IPHONEOS_DEPLOYMENT_TARGET = 14.0;
				MTL_ENABLE_DEBUG_INFO = NO;
				MTL_FAST_MATH = YES;
				SDKROOT = iphoneos;
				SWIFT_COMPILATION_MODE = wholemodule;
				SWIFT_OPTIMIZATION_LEVEL = "-O";
				VALIDATE_PRODUCT = YES;
			};
			name = Release;
		};
		5766191E2A1B47C000D09EF4 /* Debug */ = {
			isa = XCBuildConfiguration;
			buildSettings = {
				ASSETCATALOG_COMPILER_APPICON_NAME = AppIcon;
				ASSETCATALOG_COMPILER_GLOBAL_ACCENT_COLOR_NAME = AccentColor;
				CODE_SIGN_STYLE = Automatic;
				CURRENT_PROJECT_VERSION = 1;
				DEVELOPMENT_ASSET_PATHS = "\"reconlabsSample/Preview Content\"";
				DEVELOPMENT_TEAM = A5P97GF2KR;
				ENABLE_PREVIEWS = YES;
				GENERATE_INFOPLIST_FILE = YES;
				INFOPLIST_KEY_NSCameraUsageDescription = "AR을 사용하기 위한 카메라 권한 추가";
				INFOPLIST_KEY_UIApplicationSceneManifest_Generation = YES;
				INFOPLIST_KEY_UIApplicationSupportsIndirectInputEvents = YES;
				INFOPLIST_KEY_UILaunchScreen_Generation = YES;
				INFOPLIST_KEY_UISupportedInterfaceOrientations_iPad = "UIInterfaceOrientationPortrait UIInterfaceOrientationPortraitUpsideDown UIInterfaceOrientationLandscapeLeft UIInterfaceOrientationLandscapeRight";
				INFOPLIST_KEY_UISupportedInterfaceOrientations_iPhone = "UIInterfaceOrientationPortrait UIInterfaceOrientationLandscapeLeft UIInterfaceOrientationLandscapeRight";
				IPHONEOS_DEPLOYMENT_TARGET = 14.0;
				LD_RUNPATH_SEARCH_PATHS = (
					"$(inherited)",
					"@executable_path/Frameworks",
				);
				MARKETING_VERSION = 1.0;
				PRODUCT_BUNDLE_IDENTIFIER = com.reconlabsSample.app.reconlabsSample;
				PRODUCT_NAME = "$(TARGET_NAME)";
				SWIFT_EMIT_LOC_STRINGS = YES;
				SWIFT_VERSION = 5.0;
				TARGETED_DEVICE_FAMILY = "1,2";
			};
			name = Debug;
		};
		5766191F2A1B47C000D09EF4 /* Release */ = {
			isa = XCBuildConfiguration;
			buildSettings = {
				ASSETCATALOG_COMPILER_APPICON_NAME = AppIcon;
				ASSETCATALOG_COMPILER_GLOBAL_ACCENT_COLOR_NAME = AccentColor;
				CODE_SIGN_STYLE = Automatic;
				CURRENT_PROJECT_VERSION = 1;
				DEVELOPMENT_ASSET_PATHS = "\"reconlabsSample/Preview Content\"";
				DEVELOPMENT_TEAM = A5P97GF2KR;
				ENABLE_PREVIEWS = YES;
				GENERATE_INFOPLIST_FILE = YES;
				INFOPLIST_KEY_NSCameraUsageDescription = "AR을 사용하기 위한 카메라 권한 추가";
				INFOPLIST_KEY_UIApplicationSceneManifest_Generation = YES;
				INFOPLIST_KEY_UIApplicationSupportsIndirectInputEvents = YES;
				INFOPLIST_KEY_UILaunchScreen_Generation = YES;
				INFOPLIST_KEY_UISupportedInterfaceOrientations_iPad = "UIInterfaceOrientationPortrait UIInterfaceOrientationPortraitUpsideDown UIInterfaceOrientationLandscapeLeft UIInterfaceOrientationLandscapeRight";
				INFOPLIST_KEY_UISupportedInterfaceOrientations_iPhone = "UIInterfaceOrientationPortrait UIInterfaceOrientationLandscapeLeft UIInterfaceOrientationLandscapeRight";
				IPHONEOS_DEPLOYMENT_TARGET = 14.0;
				LD_RUNPATH_SEARCH_PATHS = (
					"$(inherited)",
					"@executable_path/Frameworks",
				);
				MARKETING_VERSION = 1.0;
				PRODUCT_BUNDLE_IDENTIFIER = com.reconlabsSample.app.reconlabsSample;
				PRODUCT_NAME = "$(TARGET_NAME)";
				SWIFT_EMIT_LOC_STRINGS = YES;
				SWIFT_VERSION = 5.0;
				TARGETED_DEVICE_FAMILY = "1,2";
			};
			name = Release;
		};
/* End XCBuildConfiguration section */

/* Begin XCConfigurationList section */
		576619052A1B47BE00D09EF4 /* Build configuration list for PBXProject "reconlabsSample" */ = {
			isa = XCConfigurationList;
			buildConfigurations = (
				5766191B2A1B47C000D09EF4 /* Debug */,
				5766191C2A1B47C000D09EF4 /* Release */,
			);
			defaultConfigurationIsVisible = 0;
			defaultConfigurationName = Release;
		};
		5766191D2A1B47C000D09EF4 /* Build configuration list for PBXNativeTarget "reconlabsSample" */ = {
			isa = XCConfigurationList;
			buildConfigurations = (
				5766191E2A1B47C000D09EF4 /* Debug */,
				5766191F2A1B47C000D09EF4 /* Release */,
			);
			defaultConfigurationIsVisible = 0;
			defaultConfigurationName = Release;
		};
/* End XCConfigurationList section */

/* Begin XCVersionGroup section */
		576619662A244CF000D09EF4 /* CoreDataModel.xcdatamodeld */ = {
			isa = XCVersionGroup;
			children = (
				576619672A244CF000D09EF4 /* CoreDataModel.xcdatamodel */,
				576619682A244CF000D09EF4 /* reconlabsSample.xcdatamodel */,
			);
			currentVersion = 576619672A244CF000D09EF4 /* CoreDataModel.xcdatamodel */;
			path = CoreDataModel.xcdatamodeld;
			sourceTree = "<group>";
			versionGroupType = wrapper.xcdatamodel;
		};
/* End XCVersionGroup section */
	};
	rootObject = 576619022A1B47BE00D09EF4 /* Project object */;
}
